
Microsoft Visual Studio Solution File, Format Version 12.00
# Visual Studio Version 16
VisualStudioVersion = 16.0.31911.196
MinimumVisualStudioVersion = 10.0.40219.1
Project("{FAE04EC0-301F-11D3-BF4B-00C04F79EFBC}") = "WebApp", "WebApp\WebApp.csproj", "{C2695773-C14C-4F32-B1FA-1875360FCB27}"
EndProject
Global
	GlobalSection(SolutionConfigurationPlatforms) = preSolution
		Debug|Any CPU = Debug|Any CPU
		Release|Any CPU = Release|Any CPU
	EndGlobalSection
	GlobalSection(ProjectConfigurationPlatforms) = postSolution
		{C2695773-C14C-4F32-B1FA-1875360FCB27}.Debug|Any CPU.ActiveCfg = Debug|Any CPU
		{C2695773-C14C-4F32-B1FA-1875360FCB27}.Debug|Any CPU.Build.0 = Debug|Any CPU
		{C2695773-C14C-4F32-B1FA-1875360FCB27}.Release|Any CPU.ActiveCfg = Release|Any CPU
		{C2695773-C14C-4F32-B1FA-1875360FCB27}.Release|Any CPU.Build.0 = Release|Any CPU
	EndGlobalSection
	GlobalSection(SolutionProperties) = preSolution
		HideSolutionNode = FALSE
	EndGlobalSection
	GlobalSection(ExtensibilityGlobals) = postSolution
		SolutionGuid = {C94FA4E9-6E2F-4863-8B05-7963F2F18E25}
	EndGlobalSection
EndGlobal
